// !$*UTF8*$!
{
	archiveVersion = 1;
	classes = {
	};
	objectVersion = 55;
	objects = {

/* Begin PBXBuildFile section */
		1BB3774E27F2D1970012A0A0 /* leeNBAApp.swift in Sources */ = {isa = PBXBuildFile; fileRef = 1BB3774D27F2D1970012A0A0 /* leeNBAApp.swift */; };
		1BB3775027F2D1970012A0A0 /* ContentView.swift in Sources */ = {isa = PBXBuildFile; fileRef = 1BB3774F27F2D1970012A0A0 /* ContentView.swift */; };
		1BB3775227F2D1980012A0A0 /* Assets.xcassets in Resources */ = {isa = PBXBuildFile; fileRef = 1BB3775127F2D1980012A0A0 /* Assets.xcassets */; };
		1BB3775527F2D1980012A0A0 /* Preview Assets.xcassets in Resources */ = {isa = PBXBuildFile; fileRef = 1BB3775427F2D1980012A0A0 /* Preview Assets.xcassets */; };
		1BB3775F27F2D1990012A0A0 /* leeNBATests.swift in Sources */ = {isa = PBXBuildFile; fileRef = 1BB3775E27F2D1990012A0A0 /* leeNBATests.swift */; };
		1BB3776927F2D1990012A0A0 /* leeNBAUITests.swift in Sources */ = {isa = PBXBuildFile; fileRef = 1BB3776827F2D1990012A0A0 /* leeNBAUITests.swift */; };
		1BB3776B27F2D1990012A0A0 /* leeNBAUITestsLaunchTests.swift in Sources */ = {isa = PBXBuildFile; fileRef = 1BB3776A27F2D1990012A0A0 /* leeNBAUITestsLaunchTests.swift */; };
/* End PBXBuildFile section */

/* Begin PBXContainerItemProxy section */
		1BB3775B27F2D1990012A0A0 /* PBXContainerItemProxy */ = {
			isa = PBXContainerItemProxy;
			containerPortal = 1BB3774227F2D1970012A0A0 /* Project object */;
			proxyType = 1;
			remoteGlobalIDString = 1BB3774927F2D1970012A0A0;
			remoteInfo = leeNBA;
		};
		1BB3776527F2D1990012A0A0 /* PBXContainerItemProxy */ = {
			isa = PBXContainerItemProxy;
			containerPortal = 1BB3774227F2D1970012A0A0 /* Project object */;
			proxyType = 1;
			remoteGlobalIDString = 1BB3774927F2D1970012A0A0;
			remoteInfo = leeNBA;
		};
/* End PBXContainerItemProxy section */

/* Begin PBXFileReference section */
		1BB3774A27F2D1970012A0A0 /* leeNBA.app */ = {isa = PBXFileReference; explicitFileType = wrapper.application; includeInIndex = 0; path = leeNBA.app; sourceTree = BUILT_PRODUCTS_DIR; };
		1BB3774D27F2D1970012A0A0 /* leeNBAApp.swift */ = {isa = PBXFileReference; lastKnownFileType = sourcecode.swift; path = leeNBAApp.swift; sourceTree = "<group>"; };
		1BB3774F27F2D1970012A0A0 /* ContentView.swift */ = {isa = PBXFileReference; lastKnownFileType = sourcecode.swift; path = ContentView.swift; sourceTree = "<group>"; };
		1BB3775127F2D1980012A0A0 /* Assets.xcassets */ = {isa = PBXFileReference; lastKnownFileType = folder.assetcatalog; path = Assets.xcassets; sourceTree = "<group>"; };
		1BB3775427F2D1980012A0A0 /* Preview Assets.xcassets */ = {isa = PBXFileReference; lastKnownFileType = folder.assetcatalog; path = "Preview Assets.xcassets"; sourceTree = "<group>"; };
		1BB3775A27F2D1990012A0A0 /* leeNBATests.xctest */ = {isa = PBXFileReference; explicitFileType = wrapper.cfbundle; includeInIndex = 0; path = leeNBATests.xctest; sourceTree = BUILT_PRODUCTS_DIR; };
		1BB3775E27F2D1990012A0A0 /* leeNBATests.swift */ = {isa = PBXFileReference; lastKnownFileType = sourcecode.swift; path = leeNBATests.swift; sourceTree = "<group>"; };
		1BB3776427F2D1990012A0A0 /* leeNBAUITests.xctest */ = {isa = PBXFileReference; explicitFileType = wrapper.cfbundle; includeInIndex = 0; path = leeNBAUITests.xctest; sourceTree = BUILT_PRODUCTS_DIR; };
		1BB3776827F2D1990012A0A0 /* leeNBAUITests.swift */ = {isa = PBXFileReference; lastKnownFileType = sourcecode.swift; path = leeNBAUITests.swift; sourceTree = "<group>"; };
		1BB3776A27F2D1990012A0A0 /* leeNBAUITestsLaunchTests.swift */ = {isa = PBXFileReference; lastKnownFileType = sourcecode.swift; path = leeNBAUITestsLaunchTests.swift; sourceTree = "<group>"; };
/* End PBXFileReference section */

/* Begin PBXFrameworksBuildPhase section */
		1BB3774727F2D1970012A0A0 /* Frameworks */ = {
			isa = PBXFrameworksBuildPhase;
			buildActionMask = 2147483647;
			files = (
			);
			runOnlyForDeploymentPostprocessing = 0;
		};
		1BB3775727F2D1990012A0A0 /* Frameworks */ = {
			isa = PBXFrameworksBuildPhase;
			buildActionMask = 2147483647;
			files = (
			);
			runOnlyForDeploymentPostprocessing = 0;
		};
		1BB3776127F2D1990012A0A0 /* Frameworks */ = {
			isa = PBXFrameworksBuildPhase;
			buildActionMask = 2147483647;
			files = (
			);
			runOnlyForDeploymentPostprocessing = 0;
		};
/* End PBXFrameworksBuildPhase section */

/* Begin PBXGroup section */
		1BB3774127F2D1970012A0A0 = {
			isa = PBXGroup;
			children = (
				1BB3774C27F2D1970012A0A0 /* leeNBA */,
				1BB3775D27F2D1990012A0A0 /* leeNBATests */,
				1BB3776727F2D1990012A0A0 /* leeNBAUITests */,
				1BB3774B27F2D1970012A0A0 /* Products */,
			);
			sourceTree = "<group>";
		};
		1BB3774B27F2D1970012A0A0 /* Products */ = {
			isa = PBXGroup;
			children = (
				1BB3774A27F2D1970012A0A0 /* leeNBA.app */,
				1BB3775A27F2D1990012A0A0 /* leeNBATests.xctest */,
				1BB3776427F2D1990012A0A0 /* leeNBAUITests.xctest */,
			);
			name = Products;
			sourceTree = "<group>";
		};
		1BB3774C27F2D1970012A0A0 /* leeNBA */ = {
			isa = PBXGroup;
			children = (
				1BB3774D27F2D1970012A0A0 /* leeNBAApp.swift */,
				1BB3774F27F2D1970012A0A0 /* ContentView.swift */,
				1BB3775127F2D1980012A0A0 /* Assets.xcassets */,
				1BB3775327F2D1980012A0A0 /* Preview Content */,
			);
			path = leeNBA;
			sourceTree = "<group>";
		};
		1BB3775327F2D1980012A0A0 /* Preview Content */ = {
			isa = PBXGroup;
			children = (
				1BB3775427F2D1980012A0A0 /* Preview Assets.xcassets */,
			);
			path = "Preview Content";
			sourceTree = "<group>";
		};
		1BB3775D27F2D1990012A0A0 /* leeNBATests */ = {
			isa = PBXGroup;
			children = (
				1BB3775E27F2D1990012A0A0 /* leeNBATests.swift */,
			);
			path = leeNBATests;
			sourceTree = "<group>";
		};
		1BB3776727F2D1990012A0A0 /* leeNBAUITests */ = {
			isa = PBXGroup;
			children = (
				1BB3776827F2D1990012A0A0 /* leeNBAUITests.swift */,
				1BB3776A27F2D1990012A0A0 /* leeNBAUITestsLaunchTests.swift */,
			);
			path = leeNBAUITests;
			sourceTree = "<group>";
		};
/* End PBXGroup section */

/* Begin PBXNativeTarget section */
		1BB3774927F2D1970012A0A0 /* leeNBA */ = {
			isa = PBXNativeTarget;
			buildConfigurationList = 1BB3776E27F2D1990012A0A0 /* Build configuration list for PBXNativeTarget "leeNBA" */;
			buildPhases = (
				1BB3774627F2D1970012A0A0 /* Sources */,
				1BB3774727F2D1970012A0A0 /* Frameworks */,
				1BB3774827F2D1970012A0A0 /* Resources */,
			);
			buildRules = (
			);
			dependencies = (
			);
			name = leeNBA;
			productName = leeNBA;
			productReference = 1BB3774A27F2D1970012A0A0 /* leeNBA.app */;
			productType = "com.apple.product-type.application";
		};
		1BB3775927F2D1990012A0A0 /* leeNBATests */ = {
			isa = PBXNativeTarget;
			buildConfigurationList = 1BB3777127F2D1990012A0A0 /* Build configuration list for PBXNativeTarget "leeNBATests" */;
			buildPhases = (
				1BB3775627F2D1990012A0A0 /* Sources */,
				1BB3775727F2D1990012A0A0 /* Frameworks */,
				1BB3775827F2D1990012A0A0 /* Resources */,
			);
			buildRules = (
			);
			dependencies = (
				1BB3775C27F2D1990012A0A0 /* PBXTargetDependency */,
			);
			name = leeNBATests;
			productName = leeNBATests;
			productReference = 1BB3775A27F2D1990012A0A0 /* leeNBATests.xctest */;
			productType = "com.apple.product-type.bundle.unit-test";
		};
		1BB3776327F2D1990012A0A0 /* leeNBAUITests */ = {
			isa = PBXNativeTarget;
			buildConfigurationList = 1BB3777427F2D1990012A0A0 /* Build configuration list for PBXNativeTarget "leeNBAUITests" */;
			buildPhases = (
				1BB3776027F2D1990012A0A0 /* Sources */,
				1BB3776127F2D1990012A0A0 /* Frameworks */,
				1BB3776227F2D1990012A0A0 /* Resources */,
			);
			buildRules = (
			);
			dependencies = (
				1BB3776627F2D1990012A0A0 /* PBXTargetDependency */,
			);
			name = leeNBAUITests;
			productName = leeNBAUITests;
			productReference = 1BB3776427F2D1990012A0A0 /* leeNBAUITests.xctest */;
			productType = "com.apple.product-type.bundle.ui-testing";
		};
/* End PBXNativeTarget section */

/* Begin PBXProject section */
		1BB3774227F2D1970012A0A0 /* Project object */ = {
			isa = PBXProject;
			attributes = {
				BuildIndependentTargetsInParallel = 1;
				LastSwiftUpdateCheck = 1330;
				LastUpgradeCheck = 1330;
				TargetAttributes = {
					1BB3774927F2D1970012A0A0 = {
						CreatedOnToolsVersion = 13.3;
					};
					1BB3775927F2D1990012A0A0 = {
						CreatedOnToolsVersion = 13.3;
						TestTargetID = 1BB3774927F2D1970012A0A0;
					};
					1BB3776327F2D1990012A0A0 = {
						CreatedOnToolsVersion = 13.3;
						TestTargetID = 1BB3774927F2D1970012A0A0;
					};
				};
			};
			buildConfigurationList = 1BB3774527F2D1970012A0A0 /* Build configuration list for PBXProject "leeNBA" */;
			compatibilityVersion = "Xcode 13.0";
			developmentRegion = en;
			hasScannedForEncodings = 0;
			knownRegions = (
				en,
				Base,
			);
			mainGroup = 1BB3774127F2D1970012A0A0;
			productRefGroup = 1BB3774B27F2D1970012A0A0 /* Products */;
			projectDirPath = "";
			projectRoot = "";
			targets = (
				1BB3774927F2D1970012A0A0 /* leeNBA */,
				1BB3775927F2D1990012A0A0 /* leeNBATests */,
				1BB3776327F2D1990012A0A0 /* leeNBAUITests */,
			);
		};
/* End PBXProject section */

/* Begin PBXResourcesBuildPhase section */
		1BB3774827F2D1970012A0A0 /* Resources */ = {
			isa = PBXResourcesBuildPhase;
			buildActionMask = 2147483647;
			files = (
				1BB3775527F2D1980012A0A0 /* Preview Assets.xcassets in Resources */,
				1BB3775227F2D1980012A0A0 /* Assets.xcassets in Resources */,
			);
			runOnlyForDeploymentPostprocessing = 0;
		};
		1BB3775827F2D1990012A0A0 /* Resources */ = {
			isa = PBXResourcesBuildPhase;
			buildActionMask = 2147483647;
			files = (
			);
			runOnlyForDeploymentPostprocessing = 0;
		};
		1BB3776227F2D1990012A0A0 /* Resources */ = {
			isa = PBXResourcesBuildPhase;
			buildActionMask = 2147483647;
			files = (
			);
			runOnlyForDeploymentPostprocessing = 0;
		};
/* End PBXResourcesBuildPhase section */

/* Begin PBXSourcesBuildPhase section */
		1BB3774627F2D1970012A0A0 /* Sources */ = {
			isa = PBXSourcesBuildPhase;
			buildActionMask = 2147483647;
			files = (
				1BB3775027F2D1970012A0A0 /* ContentView.swift in Sources */,
				1BB3774E27F2D1970012A0A0 /* leeNBAApp.swift in Sources */,
			);
			runOnlyForDeploymentPostprocessing = 0;
		};
		1BB3775627F2D1990012A0A0 /* Sources */ = {
			isa = PBXSourcesBuildPhase;
			buildActionMask = 2147483647;
			files = (
				1BB3775F27F2D1990012A0A0 /* leeNBATests.swift in Sources */,
			);
			runOnlyForDeploymentPostprocessing = 0;
		};
		1BB3776027F2D1990012A0A0 /* Sources */ = {
			isa = PBXSourcesBuildPhase;
			buildActionMask = 2147483647;
			files = (
				1BB3776927F2D1990012A0A0 /* leeNBAUITests.swift in Sources */,
				1BB3776B27F2D1990012A0A0 /* leeNBAUITestsLaunchTests.swift in Sources */,
			);
			runOnlyForDeploymentPostprocessing = 0;
		};
/* End PBXSourcesBuildPhase section */

/* Begin PBXTargetDependency section */
		1BB3775C27F2D1990012A0A0 /* PBXTargetDependency */ = {
			isa = PBXTargetDependency;
			target = 1BB3774927F2D1970012A0A0 /* leeNBA */;
			targetProxy = 1BB3775B27F2D1990012A0A0 /* PBXContainerItemProxy */;
		};
		1BB3776627F2D1990012A0A0 /* PBXTargetDependency */ = {
			isa = PBXTargetDependency;
			target = 1BB3774927F2D1970012A0A0 /* leeNBA */;
			targetProxy = 1BB3776527F2D1990012A0A0 /* PBXContainerItemProxy */;
		};
/* End PBXTargetDependency section */

/* Begin XCBuildConfiguration section */
		1BB3776C27F2D1990012A0A0 /* Debug */ = {
			isa = XCBuildConfiguration;
			buildSettings = {
				ALWAYS_SEARCH_USER_PATHS = NO;
				CLANG_ANALYZER_NONNULL = YES;
				CLANG_ANALYZER_NUMBER_OBJECT_CONVERSION = YES_AGGRESSIVE;
				CLANG_CXX_LANGUAGE_STANDARD = "gnu++17";
				CLANG_ENABLE_MODULES = YES;
				CLANG_ENABLE_OBJC_ARC = YES;
				CLANG_ENABLE_OBJC_WEAK = YES;
				CLANG_WARN_BLOCK_CAPTURE_AUTORELEASING = YES;
				CLANG_WARN_BOOL_CONVERSION = YES;
				CLANG_WARN_COMMA = YES;
				CLANG_WARN_CONSTANT_CONVERSION = YES;
				CLANG_WARN_DEPRECATED_OBJC_IMPLEMENTATIONS = YES;
				CLANG_WARN_DIRECT_OBJC_ISA_USAGE = YES_ERROR;
				CLANG_WARN_DOCUMENTATION_COMMENTS = YES;
				CLANG_WARN_EMPTY_BODY = YES;
				CLANG_WARN_ENUM_CONVERSION = YES;
				CLANG_WARN_INFINITE_RECURSION = YES;
				CLANG_WARN_INT_CONVERSION = YES;
				CLANG_WARN_NON_LITERAL_NULL_CONVERSION = YES;
				CLANG_WARN_OBJC_IMPLICIT_RETAIN_SELF = YES;
				CLANG_WARN_OBJC_LITERAL_CONVERSION = YES;
				CLANG_WARN_OBJC_ROOT_CLASS = YES_ERROR;
				CLANG_WARN_QUOTED_INCLUDE_IN_FRAMEWORK_HEADER = YES;
				CLANG_WARN_RANGE_LOOP_ANALYSIS = YES;
				CLANG_WARN_STRICT_PROTOTYPES = YES;
				CLANG_WARN_SUSPICIOUS_MOVE = YES;
				CLANG_WARN_UNGUARDED_AVAILABILITY = YES_AGGRESSIVE;
				CLANG_WARN_UNREACHABLE_CODE = YES;
				CLANG_WARN__DUPLICATE_METHOD_MATCH = YES;
				COPY_PHASE_STRIP = NO;
				DEBUG_INFORMATION_FORMAT = dwarf;
				ENABLE_STRICT_OBJC_MSGSEND = YES;
				ENABLE_TESTABILITY = YES;
				GCC_C_LANGUAGE_STANDARD = gnu11;
				GCC_DYNAMIC_NO_PIC = NO;
				GCC_NO_COMMON_BLOCKS = YES;
				GCC_OPTIMIZATION_LEVEL = 0;
				GCC_PREPROCESSOR_DEFINITIONS = (
					"DEBUG=1",
					"$(inherited)",
				);
				GCC_WARN_64_TO_32_BIT_CONVERSION = YES;
				GCC_WARN_ABOUT_RETURN_TYPE = YES_ERROR;
				GCC_WARN_UNDECLARED_SELECTOR = YES;
				GCC_WARN_UNINITIALIZED_AUTOS = YES_AGGRESSIVE;
				GCC_WARN_UNUSED_FUNCTION = YES;
				GCC_WARN_UNUSED_VARIABLE = YES;
				MTL_ENABLE_DEBUG_INFO = INCLUDE_SOURCE;
				MTL_FAST_MATH = YES;
				ONLY_ACTIVE_ARCH = YES;
				SDKROOT = appletvos;
				SWIFT_ACTIVE_COMPILATION_CONDITIONS = DEBUG;
				SWIFT_OPTIMIZATION_LEVEL = "-Onone";
				TVOS_DEPLOYMENT_TARGET = 15.4;
			};
			name = Debug;
		};
		1BB3776D27F2D1990012A0A0 /* Release */ = {
			isa = XCBuildConfiguration;
			buildSettings = {
				ALWAYS_SEARCH_USER_PATHS = NO;
				CLANG_ANALYZER_NONNULL = YES;
				CLANG_ANALYZER_NUMBER_OBJECT_CONVERSION = YES_AGGRESSIVE;
				CLANG_CXX_LANGUAGE_STANDARD = "gnu++17";
				CLANG_ENABLE_MODULES = YES;
				CLANG_ENABLE_OBJC_ARC = YES;
				CLANG_ENABLE_OBJC_WEAK = YES;
				CLANG_WARN_BLOCK_CAPTURE_AUTORELEASING = YES;
				CLANG_WARN_BOOL_CONVERSION = YES;
				CLANG_WARN_COMMA = YES;
				CLANG_WARN_CONSTANT_CONVERSION = YES;
				CLANG_WARN_DEPRECATED_OBJC_IMPLEMENTATIONS = YES;
				CLANG_WARN_DIRECT_OBJC_ISA_USAGE = YES_ERROR;
				CLANG_WARN_DOCUMENTATION_COMMENTS = YES;
				CLANG_WARN_EMPTY_BODY = YES;
				CLANG_WARN_ENUM_CONVERSION = YES;
				CLANG_WARN_INFINITE_RECURSION = YES;
				CLANG_WARN_INT_CONVERSION = YES;
				CLANG_WARN_NON_LITERAL_NULL_CONVERSION = YES;
				CLANG_WARN_OBJC_IMPLICIT_RETAIN_SELF = YES;
				CLANG_WARN_OBJC_LITERAL_CONVERSION = YES;
				CLANG_WARN_OBJC_ROOT_CLASS = YES_ERROR;
				CLANG_WARN_QUOTED_INCLUDE_IN_FRAMEWORK_HEADER = YES;
				CLANG_WARN_RANGE_LOOP_ANALYSIS = YES;
				CLANG_WARN_STRICT_PROTOTYPES = YES;
				CLANG_WARN_SUSPICIOUS_MOVE = YES;
				CLANG_WARN_UNGUARDED_AVAILABILITY = YES_AGGRESSIVE;
				CLANG_WARN_UNREACHABLE_CODE = YES;
				CLANG_WARN__DUPLICATE_METHOD_MATCH = YES;
				COPY_PHASE_STRIP = NO;
				DEBUG_INFORMATION_FORMAT = "dwarf-with-dsym";
				ENABLE_NS_ASSERTIONS = NO;
				ENABLE_STRICT_OBJC_MSGSEND = YES;
				GCC_C_LANGUAGE_STANDARD = gnu11;
				GCC_NO_COMMON_BLOCKS = YES;
				GCC_WARN_64_TO_32_BIT_CONVERSION = YES;
				GCC_WARN_ABOUT_RETURN_TYPE = YES_ERROR;
				GCC_WARN_UNDECLARED_SELECTOR = YES;
				GCC_WARN_UNINITIALIZED_AUTOS = YES_AGGRESSIVE;
				GCC_WARN_UNUSED_FUNCTION = YES;
				GCC_WARN_UNUSED_VARIABLE = YES;
				MTL_ENABLE_DEBUG_INFO = NO;
				MTL_FAST_MATH = YES;
				SDKROOT = appletvos;
				SWIFT_COMPILATION_MODE = wholemodule;
				SWIFT_OPTIMIZATION_LEVEL = "-O";
				TVOS_DEPLOYMENT_TARGET = 15.4;
				VALIDATE_PRODUCT = YES;
			};
			name = Release;
		};
		1BB3776F27F2D1990012A0A0 /* Debug */ = {
			isa = XCBuildConfiguration;
			buildSettings = {
				ASSETCATALOG_COMPILER_APPICON_NAME = "App Icon & Top Shelf Image";
				ASSETCATALOG_COMPILER_GLOBAL_ACCENT_COLOR_NAME = AccentColor;
				CODE_SIGN_STYLE = Automatic;
				CURRENT_PROJECT_VERSION = 1;
				DEVELOPMENT_ASSET_PATHS = "\"leeNBA/Preview Content\"";
				DEVELOPMENT_TEAM = 43G3AR9DT8;
				ENABLE_PREVIEWS = YES;
				GENERATE_INFOPLIST_FILE = YES;
				INFOPLIST_KEY_UILaunchScreen_Generation = YES;
				INFOPLIST_KEY_UIUserInterfaceStyle = Automatic;
				LD_RUNPATH_SEARCH_PATHS = (
					"$(inherited)",
					"@executable_path/Frameworks",
				);
				MARKETING_VERSION = 1.0;
				PRODUCT_BUNDLE_IDENTIFIER = leeguoo.leeNBA;
				PRODUCT_NAME = "$(TARGET_NAME)";
				SWIFT_EMIT_LOC_STRINGS = YES;
				SWIFT_VERSION = 5.0;
				TARGETED_DEVICE_FAMILY = 3;
			};
			name = Debug;
		};
		1BB3777027F2D1990012A0A0 /* Release */ = {
			isa = XCBuildConfiguration;
			buildSettings = {
				ASSETCATALOG_COMPILER_APPICON_NAME = "App Icon & Top Shelf Image";
				ASSETCATALOG_COMPILER_GLOBAL_ACCENT_COLOR_NAME = AccentColor;
				CODE_SIGN_STYLE = Automatic;
				CURRENT_PROJECT_VERSION = 1;
				DEVELOPMENT_ASSET_PATHS = "\"leeNBA/Preview Content\"";
				DEVELOPMENT_TEAM = 43G3AR9DT8;
				ENABLE_PREVIEWS = YES;
				GENERATE_INFOPLIST_FILE = YES;
				INFOPLIST_KEY_UILaunchScreen_Generation = YES;
				INFOPLIST_KEY_UIUserInterfaceStyle = Automatic;
				LD_RUNPATH_SEARCH_PATHS = (
					"$(inherited)",
					"@executable_path/Frameworks",
				);
				MARKETING_VERSION = 1.0;
				PRODUCT_BUNDLE_IDENTIFIER = leeguoo.leeNBA;
				PRODUCT_NAME = "$(TARGET_NAME)";
				SWIFT_EMIT_LOC_STRINGS = YES;
				SWIFT_VERSION = 5.0;
				TARGETED_DEVICE_FAMILY = 3;
			};
			name = Release;
		};
		1BB3777227F2D1990012A0A0 /* Debug */ = {
			isa = XCBuildConfiguration;
			buildSettings = {
				ALWAYS_EMBED_SWIFT_STANDARD_LIBRARIES = YES;
				BUNDLE_LOADER = "$(TEST_HOST)";
				CODE_SIGN_STYLE = Automatic;
				CURRENT_PROJECT_VERSION = 1;
				DEVELOPMENT_TEAM = 43G3AR9DT8;
				GENERATE_INFOPLIST_FILE = YES;
				MARKETING_VERSION = 1.0;
				PRODUCT_BUNDLE_IDENTIFIER = leeguoo.leeNBATests;
				PRODUCT_NAME = "$(TARGET_NAME)";
				SWIFT_EMIT_LOC_STRINGS = NO;
				SWIFT_VERSION = 5.0;
				TARGETED_DEVICE_FAMILY = 3;
				TEST_HOST = "$(BUILT_PRODUCTS_DIR)/leeNBA.app/leeNBA";
				TVOS_DEPLOYMENT_TARGET = 15.4;
			};
			name = Debug;
		};
		1BB3777327F2D1990012A0A0 /* Release */ = {
			isa = XCBuildConfiguration;
			buildSettings = {
				ALWAYS_EMBED_SWIFT_STANDARD_LIBRARIES = YES;
				BUNDLE_LOADER = "$(TEST_HOST)";
				CODE_SIGN_STYLE = Automatic;
				CURRENT_PROJECT_VERSION = 1;
				DEVELOPMENT_TEAM = 43G3AR9DT8;
				GENERATE_INFOPLIST_FILE = YES;
				MARKETING_VERSION = 1.0;
				PRODUCT_BUNDLE_IDENTIFIER = leeguoo.leeNBATests;
				PRODUCT_NAME = "$(TARGET_NAME)";
				SWIFT_EMIT_LOC_STRINGS = NO;
				SWIFT_VERSION = 5.0;
				TARGETED_DEVICE_FAMILY = 3;
				TEST_HOST = "$(BUILT_PRODUCTS_DIR)/leeNBA.app/leeNBA";
				TVOS_DEPLOYMENT_TARGET = 15.4;
			};
			name = Release;
		};
		1BB3777527F2D1990012A0A0 /* Debug */ = {
			isa = XCBuildConfiguration;
			buildSettings = {
				ALWAYS_EMBED_SWIFT_STANDARD_LIBRARIES = YES;
				CODE_SIGN_STYLE = Automatic;
				CURRENT_PROJECT_VERSION = 1;
				DEVELOPMENT_TEAM = 43G3AR9DT8;
				GENERATE_INFOPLIST_FILE = YES;
				MARKETING_VERSION = 1.0;
				PRODUCT_BUNDLE_IDENTIFIER = leeguoo.leeNBAUITests;
				PRODUCT_NAME = "$(TARGET_NAME)";
				SWIFT_EMIT_LOC_STRINGS = NO;
				SWIFT_VERSION = 5.0;
				TARGETED_DEVICE_FAMILY = 3;
				TEST_TARGET_NAME = leeNBA;
			};
			name = Debug;
		};
		1BB3777627F2D1990012A0A0 /* Release */ = {
			isa = XCBuildConfiguration;
			buildSettings = {
				ALWAYS_EMBED_SWIFT_STANDARD_LIBRARIES = YES;
				CODE_SIGN_STYLE = Automatic;
				CURRENT_PROJECT_VERSION = 1;
				DEVELOPMENT_TEAM = 43G3AR9DT8;
				GENERATE_INFOPLIST_FILE = YES;
				MARKETING_VERSION = 1.0;
				PRODUCT_BUNDLE_IDENTIFIER = leeguoo.leeNBAUITests;
				PRODUCT_NAME = "$(TARGET_NAME)";
				SWIFT_EMIT_LOC_STRINGS = NO;
				SWIFT_VERSION = 5.0;
				TARGETED_DEVICE_FAMILY = 3;
				TEST_TARGET_NAME = leeNBA;
			};
			name = Release;
		};
/* End XCBuildConfiguration section */

/* Begin XCConfigurationList section */
		1BB3774527F2D1970012A0A0 /* Build configuration list for PBXProject "leeNBA" */ = {
			isa = XCConfigurationList;
			buildConfigurations = (
				1BB3776C27F2D1990012A0A0 /* Debug */,
				1BB3776D27F2D1990012A0A0 /* Release */,
			);
			defaultConfigurationIsVisible = 0;
			defaultConfigurationName = Release;
		};
		1BB3776E27F2D1990012A0A0 /* Build configuration list for PBXNativeTarget "leeNBA" */ = {
			isa = XCConfigurationList;
			buildConfigurations = (
				1BB3776F27F2D1990012A0A0 /* Debug */,
				1BB3777027F2D1990012A0A0 /* Release */,
			);
			defaultConfigurationIsVisible = 0;
			defaultConfigurationName = Release;
		};
		1BB3777127F2D1990012A0A0 /* Build configuration list for PBXNativeTarget "leeNBATests" */ = {
			isa = XCConfigurationList;
			buildConfigurations = (
				1BB3777227F2D1990012A0A0 /* Debug */,
				1BB3777327F2D1990012A0A0 /* Release */,
			);
			defaultConfigurationIsVisible = 0;
			defaultConfigurationName = Release;
		};
		1BB3777427F2D1990012A0A0 /* Build configuration list for PBXNativeTarget "leeNBAUITests" */ = {
			isa = XCConfigurationList;
			buildConfigurations = (
				1BB3777527F2D1990012A0A0 /* Debug */,
				1BB3777627F2D1990012A0A0 /* Release */,
			);
			defaultConfigurationIsVisible = 0;
			defaultConfigurationName = Release;
		};
/* End XCConfigurationList section */
	};
	rootObject = 1BB3774227F2D1970012A0A0 /* Project object */;
}
